# This file is autogenerated, do not edit; changes may be undone by the next 'dep ensure'.


[[projects]]
  branch = "master"
  name = "github.com/facebookgo/flagenv"
  packages = ["."]
  revision = "fcd59fca7456889be7f2ad4515b7612fd6acef31"

[[projects]]
  name = "github.com/hhrutter/pdfcpu"
  packages = [
    ".",
    "attach",
    "crypto",
    "extract",
    "filter",
    "log",
    "merge",
    "optimize",
    "read",
    "types",
    "validate",
    "write"
  ]
  revision = "dddf2f1c870e45395efdebf4715b1100c7e407f7"
  version = "v0.1.10"

[[projects]]
  name = "github.com/jung-kurt/gofpdf"
  packages = ["."]
  revision = "14c1db30737a138f8d9797cffea58783892b2fae"
  version = "v1.0.0"

[[projects]]
  name = "github.com/myesui/uuid"
  packages = ["."]
  revision = "835a10bbd6bce40820349a68b1368a62c3c5617c"
  version = "v1.0.0"

[[projects]]
  name = "github.com/pkg/errors"
  packages = ["."]
  revision = "645ef00459ed84a119197bfb8d8205042c6df63d"
  version = "v0.8.0"

[solve-meta]
  analyzer-name = "dep"
  analyzer-version = 1
  inputs-digest = "126a6463fb0978037010d9d4a5bc316f606ba644d85225f847f27d11f812ef16"
  solver-name = "gps-cdcl"
  solver-version = 1
